
Microsoft Visual Studio Solution File, Format Version 12.00
# Visual Studio Version 16
VisualStudioVersion = 16.0.29709.97
MinimumVisualStudioVersion = 10.0.40219.1
Project("{9A19103F-16F7-4668-BE54-9A1E7A4F7556}") = "ApiGateway", "ApiGateway\ApiGateway.csproj", "{3C960D7E-059E-4374-8AE8-63AF117170E8}"
EndProject
Project("{2150E333-8FDC-42A3-9474-1A3956D46DE8}") = "Services", "Services", "{3F947F94-F9D7-400B-8160-0D33EC7FDD49}"
EndProject
Project("{9A19103F-16F7-4668-BE54-9A1E7A4F7556}") = "AlteringsRegistrationService", "Services\AlteringsRegistrationService\AlteringsRegistrationService.csproj", "{BC679EA4-F61A-435B-86C8-540412B8E7DB}"
EndProject
Project("{9A19103F-16F7-4668-BE54-9A1E7A4F7556}") = "AzureBasedMicroservice.Shared", "AzureBasedMicroservice.Shared\AzureBasedMicroservice.Shared.csproj", "{999AF8D3-D2F6-4344-A651-D2FEBFE4F842}"
EndProject
Project("{2150E333-8FDC-42A3-9474-1A3956D46DE8}") = "DataBase", "DataBase", "{045E53C1-A547-4549-815C-FC2AAA714399}"
EndProject
Project("{9A19103F-16F7-4668-BE54-9A1E7A4F7556}") = "AzureBasedMicroservice.EntityFramework", "AzureBasedMicroservice.EntityFramework\AzureBasedMicroservice.EntityFramework.csproj", "{2488B4C7-B122-421E-87A0-E817E413172A}"
EndProject
Project("{9A19103F-16F7-4668-BE54-9A1E7A4F7556}") = "CustomersService", "Services\CustomersService\CustomersService.csproj", "{E13E5A1B-02EB-42F5-98B9-843A2CB7638F}"
EndProject
Project("{E24C65DC-7377-472B-9ABA-BC803B73C61A}") = "frontend", "frontend\", "{6C2002EB-B1A2-4AD0-8B42-3B281105A74A}"
	ProjectSection(WebsiteProperties) = preProject
		TargetFrameworkMoniker = ".NETFramework,Version%3Dv4.0"
		Debug.AspNetCompiler.VirtualPath = "/localhost_6753"
		Debug.AspNetCompiler.PhysicalPath = "frontend\"
		Debug.AspNetCompiler.TargetPath = "PrecompiledWeb\localhost_6753\"
		Debug.AspNetCompiler.Updateable = "true"
		Debug.AspNetCompiler.ForceOverwrite = "true"
		Debug.AspNetCompiler.FixedNames = "false"
		Debug.AspNetCompiler.Debug = "True"
		Release.AspNetCompiler.VirtualPath = "/localhost_6753"
		Release.AspNetCompiler.PhysicalPath = "frontend\"
		Release.AspNetCompiler.TargetPath = "PrecompiledWeb\localhost_6753\"
		Release.AspNetCompiler.Updateable = "true"
		Release.AspNetCompiler.ForceOverwrite = "true"
		Release.AspNetCompiler.FixedNames = "false"
		Release.AspNetCompiler.Debug = "False"
		VWDPort = "6753"
	EndProjectSection
EndProject
Global
	GlobalSection(SolutionConfigurationPlatforms) = preSolution
		Debug|Any CPU = Debug|Any CPU
		Release|Any CPU = Release|Any CPU
	EndGlobalSection
	GlobalSection(ProjectConfigurationPlatforms) = postSolution
		{3C960D7E-059E-4374-8AE8-63AF117170E8}.Debug|Any CPU.ActiveCfg = Debug|Any CPU
		{3C960D7E-059E-4374-8AE8-63AF117170E8}.Debug|Any CPU.Build.0 = Debug|Any CPU
		{3C960D7E-059E-4374-8AE8-63AF117170E8}.Release|Any CPU.ActiveCfg = Release|Any CPU
		{3C960D7E-059E-4374-8AE8-63AF117170E8}.Release|Any CPU.Build.0 = Release|Any CPU
		{BC679EA4-F61A-435B-86C8-540412B8E7DB}.Debug|Any CPU.ActiveCfg = Debug|Any CPU
		{BC679EA4-F61A-435B-86C8-540412B8E7DB}.Debug|Any CPU.Build.0 = Debug|Any CPU
		{BC679EA4-F61A-435B-86C8-540412B8E7DB}.Release|Any CPU.ActiveCfg = Release|Any CPU
		{BC679EA4-F61A-435B-86C8-540412B8E7DB}.Release|Any CPU.Build.0 = Release|Any CPU
		{999AF8D3-D2F6-4344-A651-D2FEBFE4F842}.Debug|Any CPU.ActiveCfg = Debug|Any CPU
		{999AF8D3-D2F6-4344-A651-D2FEBFE4F842}.Debug|Any CPU.Build.0 = Debug|Any CPU
		{999AF8D3-D2F6-4344-A651-D2FEBFE4F842}.Release|Any CPU.ActiveCfg = Release|Any CPU
		{999AF8D3-D2F6-4344-A651-D2FEBFE4F842}.Release|Any CPU.Build.0 = Release|Any CPU
		{2488B4C7-B122-421E-87A0-E817E413172A}.Debug|Any CPU.ActiveCfg = Debug|Any CPU
		{2488B4C7-B122-421E-87A0-E817E413172A}.Debug|Any CPU.Build.0 = Debug|Any CPU
		{2488B4C7-B122-421E-87A0-E817E413172A}.Release|Any CPU.ActiveCfg = Release|Any CPU
		{2488B4C7-B122-421E-87A0-E817E413172A}.Release|Any CPU.Build.0 = Release|Any CPU
		{E13E5A1B-02EB-42F5-98B9-843A2CB7638F}.Debug|Any CPU.ActiveCfg = Debug|Any CPU
		{E13E5A1B-02EB-42F5-98B9-843A2CB7638F}.Debug|Any CPU.Build.0 = Debug|Any CPU
		{E13E5A1B-02EB-42F5-98B9-843A2CB7638F}.Release|Any CPU.ActiveCfg = Release|Any CPU
		{E13E5A1B-02EB-42F5-98B9-843A2CB7638F}.Release|Any CPU.Build.0 = Release|Any CPU
		{6C2002EB-B1A2-4AD0-8B42-3B281105A74A}.Debug|Any CPU.ActiveCfg = Debug|Any CPU
		{6C2002EB-B1A2-4AD0-8B42-3B281105A74A}.Debug|Any CPU.Build.0 = Debug|Any CPU
		{6C2002EB-B1A2-4AD0-8B42-3B281105A74A}.Release|Any CPU.ActiveCfg = Debug|Any CPU
		{6C2002EB-B1A2-4AD0-8B42-3B281105A74A}.Release|Any CPU.Build.0 = Debug|Any CPU
	EndGlobalSection
	GlobalSection(SolutionProperties) = preSolution
		HideSolutionNode = FALSE
	EndGlobalSection
	GlobalSection(NestedProjects) = preSolution
		{BC679EA4-F61A-435B-86C8-540412B8E7DB} = {3F947F94-F9D7-400B-8160-0D33EC7FDD49}
		{2488B4C7-B122-421E-87A0-E817E413172A} = {045E53C1-A547-4549-815C-FC2AAA714399}
		{E13E5A1B-02EB-42F5-98B9-843A2CB7638F} = {3F947F94-F9D7-400B-8160-0D33EC7FDD49}
	EndGlobalSection
	GlobalSection(ExtensibilityGlobals) = postSolution
		SolutionGuid = {CF504E8F-30C8-484C-9A63-D8F8FF93A058}
	EndGlobalSection
EndGlobal
